
Microsoft Visual Studio Solution File, Format Version 12.00
# Visual Studio 15
Project("{FAE04EC0-301F-11D3-BF4B-00C04F79EFBC}") = "ReadyPlayerMe.AvatarCreator", "ReadyPlayerMe.AvatarCreator.csproj", "{38AE41D9-A5D7-45DF-2894-19406B4199A4}"
EndProject
Project("{FAE04EC0-301F-11D3-BF4B-00C04F79EFBC}") = "Assembly-CSharp", "Assembly-CSharp.csproj", "{0888A491-674D-8AAF-0E6C-33A6158B9D1A}"
EndProject
Project("{FAE04EC0-301F-11D3-BF4B-00C04F79EFBC}") = "ReadyPlayerMe.Core.Editor", "ReadyPlayerMe.Core.Editor.csproj", "{B2E8A22A-0C85-FE86-7453-3BB3B17553EC}"
EndProject
Project("{FAE04EC0-301F-11D3-BF4B-00C04F79EFBC}") = "ReadyPlayerMe.Samples.AvatarCreatorWizard", "ReadyPlayerMe.Samples.AvatarCreatorWizard.csproj", "{74FC91AD-3CB6-6F1F-9190-6310276F1572}"
EndProject
Project("{FAE04EC0-301F-11D3-BF4B-00C04F79EFBC}") = "ReadyPlayerMe.Core", "ReadyPlayerMe.Core.csproj", "{CA95E52F-8BFC-54FF-CAE1-9965B018ACBB}"
EndProject
Project("{FAE04EC0-301F-11D3-BF4B-00C04F79EFBC}") = "ReadyPlayerMe.Samples.AvatarLoading", "ReadyPlayerMe.Samples.AvatarLoading.csproj", "{01A2475B-21F0-FA17-A9A1-0ACAFC88C0FE}"
EndProject
Project("{FAE04EC0-301F-11D3-BF4B-00C04F79EFBC}") = "Assembly-CSharp-Editor", "Assembly-CSharp-Editor.csproj", "{F342FACD-018E-3967-C796-5AC6C04B70B0}"
EndProject
Project("{FAE04EC0-301F-11D3-BF4B-00C04F79EFBC}") = "ReadyPlayerMe.Samples.AvatarCreatorElements", "ReadyPlayerMe.Samples.AvatarCreatorElements.csproj", "{6297C2D7-279C-057D-2DBD-378F0432B48C}"
EndProject
Project("{FAE04EC0-301F-11D3-BF4B-00C04F79EFBC}") = "ReadyPlayerMe.Samples.WebGLSample", "ReadyPlayerMe.Samples.WebGLSample.csproj", "{6ED6423D-A4D0-6524-2E3F-CCAAF0D40351}"
EndProject
Project("{FAE04EC0-301F-11D3-BF4B-00C04F79EFBC}") = "ReadyPlayerMe.Samples.QuickStart", "ReadyPlayerMe.Samples.QuickStart.csproj", "{E3C01F14-461C-FB46-7DF7-109316DB44C9}"
EndProject
Project("{FAE04EC0-301F-11D3-BF4B-00C04F79EFBC}") = "ReadyPlayerMe.Core.WebGLSample.Editor", "ReadyPlayerMe.Core.WebGLSample.Editor.csproj", "{0B9B5CE5-AF47-4452-BAC5-7A352085717D}"
EndProject
Project("{FAE04EC0-301F-11D3-BF4B-00C04F79EFBC}") = "ReadyPlayerMe.Samples.AvatarRenders", "ReadyPlayerMe.Samples.AvatarRenders.csproj", "{4D7B418D-28B6-400A-8FFE-52B9ADE88924}"
EndProject
Project("{FAE04EC0-301F-11D3-BF4B-00C04F79EFBC}") = "ReadyPlayerMe.AvatarCreator.Editor", "ReadyPlayerMe.AvatarCreator.Editor.csproj", "{66AB983F-4AE7-D1B9-67DE-706F6C653F40}"
EndProject
Project("{FAE04EC0-301F-11D3-BF4B-00C04F79EFBC}") = "Unity.VSAttribution.Editor", "Unity.VSAttribution.Editor.csproj", "{D04E28B4-D894-D9B5-42AA-80FE3BEB6E5A}"
EndProject
Global
	GlobalSection(SolutionConfigurationPlatforms) = preSolution
		Debug|Any CPU = Debug|Any CPU
		Release|Any CPU = Release|Any CPU
	EndGlobalSection
	GlobalSection(ProjectConfigurationPlatforms) = postSolution
		{38AE41D9-A5D7-45DF-2894-19406B4199A4}.Debug|Any CPU.ActiveCfg = Debug|Any CPU
		{38AE41D9-A5D7-45DF-2894-19406B4199A4}.Debug|Any CPU.Build.0 = Debug|Any CPU
		{38AE41D9-A5D7-45DF-2894-19406B4199A4}.Release|Any CPU.ActiveCfg = Release|Any CPU
		{38AE41D9-A5D7-45DF-2894-19406B4199A4}.Release|Any CPU.Build.0 = Release|Any CPU
		{0888A491-674D-8AAF-0E6C-33A6158B9D1A}.Debug|Any CPU.ActiveCfg = Debug|Any CPU
		{0888A491-674D-8AAF-0E6C-33A6158B9D1A}.Debug|Any CPU.Build.0 = Debug|Any CPU
		{0888A491-674D-8AAF-0E6C-33A6158B9D1A}.Release|Any CPU.ActiveCfg = Release|Any CPU
		{0888A491-674D-8AAF-0E6C-33A6158B9D1A}.Release|Any CPU.Build.0 = Release|Any CPU
		{B2E8A22A-0C85-FE86-7453-3BB3B17553EC}.Debug|Any CPU.ActiveCfg = Debug|Any CPU
		{B2E8A22A-0C85-FE86-7453-3BB3B17553EC}.Debug|Any CPU.Build.0 = Debug|Any CPU
		{B2E8A22A-0C85-FE86-7453-3BB3B17553EC}.Release|Any CPU.ActiveCfg = Release|Any CPU
		{B2E8A22A-0C85-FE86-7453-3BB3B17553EC}.Release|Any CPU.Build.0 = Release|Any CPU
		{74FC91AD-3CB6-6F1F-9190-6310276F1572}.Debug|Any CPU.ActiveCfg = Debug|Any CPU
		{74FC91AD-3CB6-6F1F-9190-6310276F1572}.Debug|Any CPU.Build.0 = Debug|Any CPU
		{74FC91AD-3CB6-6F1F-9190-6310276F1572}.Release|Any CPU.ActiveCfg = Release|Any CPU
		{74FC91AD-3CB6-6F1F-9190-6310276F1572}.Release|Any CPU.Build.0 = Release|Any CPU
		{CA95E52F-8BFC-54FF-CAE1-9965B018ACBB}.Debug|Any CPU.ActiveCfg = Debug|Any CPU
		{CA95E52F-8BFC-54FF-CAE1-9965B018ACBB}.Debug|Any CPU.Build.0 = Debug|Any CPU
		{CA95E52F-8BFC-54FF-CAE1-9965B018ACBB}.Release|Any CPU.ActiveCfg = Release|Any CPU
		{CA95E52F-8BFC-54FF-CAE1-9965B018ACBB}.Release|Any CPU.Build.0 = Release|Any CPU
		{01A2475B-21F0-FA17-A9A1-0ACAFC88C0FE}.Debug|Any CPU.ActiveCfg = Debug|Any CPU
		{01A2475B-21F0-FA17-A9A1-0ACAFC88C0FE}.Debug|Any CPU.Build.0 = Debug|Any CPU
		{01A2475B-21F0-FA17-A9A1-0ACAFC88C0FE}.Release|Any CPU.ActiveCfg = Release|Any CPU
		{01A2475B-21F0-FA17-A9A1-0ACAFC88C0FE}.Release|Any CPU.Build.0 = Release|Any CPU
		{F342FACD-018E-3967-C796-5AC6C04B70B0}.Debug|Any CPU.ActiveCfg = Debug|Any CPU
		{F342FACD-018E-3967-C796-5AC6C04B70B0}.Debug|Any CPU.Build.0 = Debug|Any CPU
		{F342FACD-018E-3967-C796-5AC6C04B70B0}.Release|Any CPU.ActiveCfg = Release|Any CPU
		{F342FACD-018E-3967-C796-5AC6C04B70B0}.Release|Any CPU.Build.0 = Release|Any CPU
		{6297C2D7-279C-057D-2DBD-378F0432B48C}.Debug|Any CPU.ActiveCfg = Debug|Any CPU
		{6297C2D7-279C-057D-2DBD-378F0432B48C}.Debug|Any CPU.Build.0 = Debug|Any CPU
		{6297C2D7-279C-057D-2DBD-378F0432B48C}.Release|Any CPU.ActiveCfg = Release|Any CPU
		{6297C2D7-279C-057D-2DBD-378F0432B48C}.Release|Any CPU.Build.0 = Release|Any CPU
		{6ED6423D-A4D0-6524-2E3F-CCAAF0D40351}.Debug|Any CPU.ActiveCfg = Debug|Any CPU
		{6ED6423D-A4D0-6524-2E3F-CCAAF0D40351}.Debug|Any CPU.Build.0 = Debug|Any CPU
		{6ED6423D-A4D0-6524-2E3F-CCAAF0D40351}.Release|Any CPU.ActiveCfg = Release|Any CPU
		{6ED6423D-A4D0-6524-2E3F-CCAAF0D40351}.Release|Any CPU.Build.0 = Release|Any CPU
		{E3C01F14-461C-FB46-7DF7-109316DB44C9}.Debug|Any CPU.ActiveCfg = Debug|Any CPU
		{E3C01F14-461C-FB46-7DF7-109316DB44C9}.Debug|Any CPU.Build.0 = Debug|Any CPU
		{E3C01F14-461C-FB46-7DF7-109316DB44C9}.Release|Any CPU.ActiveCfg = Release|Any CPU
		{E3C01F14-461C-FB46-7DF7-109316DB44C9}.Release|Any CPU.Build.0 = Release|Any CPU
		{0B9B5CE5-AF47-4452-BAC5-7A352085717D}.Debug|Any CPU.ActiveCfg = Debug|Any CPU
		{0B9B5CE5-AF47-4452-BAC5-7A352085717D}.Debug|Any CPU.Build.0 = Debug|Any CPU
		{0B9B5CE5-AF47-4452-BAC5-7A352085717D}.Release|Any CPU.ActiveCfg = Release|Any CPU
		{0B9B5CE5-AF47-4452-BAC5-7A352085717D}.Release|Any CPU.Build.0 = Release|Any CPU
		{4D7B418D-28B6-400A-8FFE-52B9ADE88924}.Debug|Any CPU.ActiveCfg = Debug|Any CPU
		{4D7B418D-28B6-400A-8FFE-52B9ADE88924}.Debug|Any CPU.Build.0 = Debug|Any CPU
		{4D7B418D-28B6-400A-8FFE-52B9ADE88924}.Release|Any CPU.ActiveCfg = Release|Any CPU
		{4D7B418D-28B6-400A-8FFE-52B9ADE88924}.Release|Any CPU.Build.0 = Release|Any CPU
		{66AB983F-4AE7-D1B9-67DE-706F6C653F40}.Debug|Any CPU.ActiveCfg = Debug|Any CPU
		{66AB983F-4AE7-D1B9-67DE-706F6C653F40}.Debug|Any CPU.Build.0 = Debug|Any CPU
		{66AB983F-4AE7-D1B9-67DE-706F6C653F40}.Release|Any CPU.ActiveCfg = Release|Any CPU
		{66AB983F-4AE7-D1B9-67DE-706F6C653F40}.Release|Any CPU.Build.0 = Release|Any CPU
		{D04E28B4-D894-D9B5-42AA-80FE3BEB6E5A}.Debug|Any CPU.ActiveCfg = Debug|Any CPU
		{D04E28B4-D894-D9B5-42AA-80FE3BEB6E5A}.Debug|Any CPU.Build.0 = Debug|Any CPU
		{D04E28B4-D894-D9B5-42AA-80FE3BEB6E5A}.Release|Any CPU.ActiveCfg = Release|Any CPU
		{D04E28B4-D894-D9B5-42AA-80FE3BEB6E5A}.Release|Any CPU.Build.0 = Release|Any CPU
	EndGlobalSection
	GlobalSection(SolutionProperties) = preSolution
		HideSolutionNode = FALSE
	EndGlobalSection
EndGlobal
